
Microsoft Visual Studio Solution File, Format Version 12.00
# Visual Studio Version 16
VisualStudioVersion = 16.0.30114.105
MinimumVisualStudioVersion = 10.0.40219.1
Project("{FAE04EC0-301F-11D3-BF4B-00C04F79EFBC}") = "SwarmPortal.Common", "SwarmPortal.Common\SwarmPortal.Common.csproj", "{739C7C40-19C9-49FE-9370-811CDAEDD32D}"
EndProject
Project("{FAE04EC0-301F-11D3-BF4B-00C04F79EFBC}") = "SwarmPortal.Source.Static", "SwarmPortal.Source.Static\SwarmPortal.Source.Static.csproj", "{4BCAE0FF-3D12-470A-AA39-2AD7C6998FF9}"
EndProject
Project("{FAE04EC0-301F-11D3-BF4B-00C04F79EFBC}") = "SwarmPortal.API", "SwarmPortal.API\SwarmPortal.API.csproj", "{DB8471E9-5456-4626-87B2-A20B3F37336F}"
EndProject
Project("{FAE04EC0-301F-11D3-BF4B-00C04F79EFBC}") = "SwarmPortal.Source.Docker", "SwarmPortal.Source.Docker\SwarmPortal.Source.Docker.csproj", "{EA6FB5D1-DF58-47C2-A094-5DBCCD6366E9}"
EndProject
Project("{FAE04EC0-301F-11D3-BF4B-00C04F79EFBC}") = "SwarmPortal.Context", "SwarmPortal.Context\SwarmPortal.Context.csproj", "{F121432A-4C88-494C-B475-503BBE6E22A2}"
EndProject
Project("{FAE04EC0-301F-11D3-BF4B-00C04F79EFBC}") = "SwarmPortal.SqlServerMigrations", "SwarmPortal.SqlServerMigrations\SwarmPortal.SqlServerMigrations.csproj", "{5AD8A866-C43F-4F87-84B1-A5E34E52790C}"
EndProject
Project("{FAE04EC0-301F-11D3-BF4B-00C04F79EFBC}") = "SwarmPortal.SQLiteMigrations", "SwarmPortal.SQLiteMigrations\SwarmPortal.SQLiteMigrations.csproj", "{B3CAE97F-04E4-407B-81CC-3FC6FB2831E9}"
EndProject
Project("{FAE04EC0-301F-11D3-BF4B-00C04F79EFBC}") = "SwarmPortal.MySqlMigrations", "SwarmPortal.MySqlMigrations\SwarmPortal.MySqlMigrations.csproj", "{E08A141A-8213-40E6-A4D2-B77AAA3B85A0}"
EndProject
Project("{FAE04EC0-301F-11D3-BF4B-00C04F79EFBC}") = "SwarmPortal.IconProvider", "SwarmPortal.IconProvider\SwarmPortal.IconProvider.csproj", "{F9C7DDD4-E66F-4197-96FE-C64BDBE8C466}"
EndProject
Project("{FAE04EC0-301F-11D3-BF4B-00C04F79EFBC}") = "SwarmPortal.ForwardAuth", "SwarmPortal.ForwardAuth\SwarmPortal.ForwardAuth.csproj", "{DB891DE2-105B-48D0-9A39-3BEDF12B7B1B}"
EndProject
Global
	GlobalSection(SolutionConfigurationPlatforms) = preSolution
		Debug|Any CPU = Debug|Any CPU
		Release|Any CPU = Release|Any CPU
	EndGlobalSection
	GlobalSection(SolutionProperties) = preSolution
		HideSolutionNode = FALSE
	EndGlobalSection
	GlobalSection(ProjectConfigurationPlatforms) = postSolution
		{739C7C40-19C9-49FE-9370-811CDAEDD32D}.Debug|Any CPU.ActiveCfg = Debug|Any CPU
		{739C7C40-19C9-49FE-9370-811CDAEDD32D}.Debug|Any CPU.Build.0 = Debug|Any CPU
		{739C7C40-19C9-49FE-9370-811CDAEDD32D}.Release|Any CPU.ActiveCfg = Release|Any CPU
		{739C7C40-19C9-49FE-9370-811CDAEDD32D}.Release|Any CPU.Build.0 = Release|Any CPU
		{4BCAE0FF-3D12-470A-AA39-2AD7C6998FF9}.Debug|Any CPU.ActiveCfg = Debug|Any CPU
		{4BCAE0FF-3D12-470A-AA39-2AD7C6998FF9}.Debug|Any CPU.Build.0 = Debug|Any CPU
		{4BCAE0FF-3D12-470A-AA39-2AD7C6998FF9}.Release|Any CPU.ActiveCfg = Release|Any CPU
		{4BCAE0FF-3D12-470A-AA39-2AD7C6998FF9}.Release|Any CPU.Build.0 = Release|Any CPU
		{DB8471E9-5456-4626-87B2-A20B3F37336F}.Debug|Any CPU.ActiveCfg = Debug|Any CPU
		{DB8471E9-5456-4626-87B2-A20B3F37336F}.Debug|Any CPU.Build.0 = Debug|Any CPU
		{DB8471E9-5456-4626-87B2-A20B3F37336F}.Release|Any CPU.ActiveCfg = Release|Any CPU
		{DB8471E9-5456-4626-87B2-A20B3F37336F}.Release|Any CPU.Build.0 = Release|Any CPU
		{EA6FB5D1-DF58-47C2-A094-5DBCCD6366E9}.Debug|Any CPU.ActiveCfg = Debug|Any CPU
		{EA6FB5D1-DF58-47C2-A094-5DBCCD6366E9}.Debug|Any CPU.Build.0 = Debug|Any CPU
		{EA6FB5D1-DF58-47C2-A094-5DBCCD6366E9}.Release|Any CPU.ActiveCfg = Release|Any CPU
		{EA6FB5D1-DF58-47C2-A094-5DBCCD6366E9}.Release|Any CPU.Build.0 = Release|Any CPU
		{F121432A-4C88-494C-B475-503BBE6E22A2}.Debug|Any CPU.ActiveCfg = Debug|Any CPU
		{F121432A-4C88-494C-B475-503BBE6E22A2}.Debug|Any CPU.Build.0 = Debug|Any CPU
		{F121432A-4C88-494C-B475-503BBE6E22A2}.Release|Any CPU.ActiveCfg = Release|Any CPU
		{F121432A-4C88-494C-B475-503BBE6E22A2}.Release|Any CPU.Build.0 = Release|Any CPU
		{5AD8A866-C43F-4F87-84B1-A5E34E52790C}.Debug|Any CPU.ActiveCfg = Debug|Any CPU
		{5AD8A866-C43F-4F87-84B1-A5E34E52790C}.Debug|Any CPU.Build.0 = Debug|Any CPU
		{5AD8A866-C43F-4F87-84B1-A5E34E52790C}.Release|Any CPU.ActiveCfg = Release|Any CPU
		{5AD8A866-C43F-4F87-84B1-A5E34E52790C}.Release|Any CPU.Build.0 = Release|Any CPU
		{B3CAE97F-04E4-407B-81CC-3FC6FB2831E9}.Debug|Any CPU.ActiveCfg = Debug|Any CPU
		{B3CAE97F-04E4-407B-81CC-3FC6FB2831E9}.Debug|Any CPU.Build.0 = Debug|Any CPU
		{B3CAE97F-04E4-407B-81CC-3FC6FB2831E9}.Release|Any CPU.ActiveCfg = Release|Any CPU
		{B3CAE97F-04E4-407B-81CC-3FC6FB2831E9}.Release|Any CPU.Build.0 = Release|Any CPU
		{E08A141A-8213-40E6-A4D2-B77AAA3B85A0}.Debug|Any CPU.ActiveCfg = Debug|Any CPU
		{E08A141A-8213-40E6-A4D2-B77AAA3B85A0}.Debug|Any CPU.Build.0 = Debug|Any CPU
		{E08A141A-8213-40E6-A4D2-B77AAA3B85A0}.Release|Any CPU.ActiveCfg = Release|Any CPU
		{E08A141A-8213-40E6-A4D2-B77AAA3B85A0}.Release|Any CPU.Build.0 = Release|Any CPU
		{F9C7DDD4-E66F-4197-96FE-C64BDBE8C466}.Debug|Any CPU.ActiveCfg = Debug|Any CPU
		{F9C7DDD4-E66F-4197-96FE-C64BDBE8C466}.Debug|Any CPU.Build.0 = Debug|Any CPU
		{F9C7DDD4-E66F-4197-96FE-C64BDBE8C466}.Release|Any CPU.ActiveCfg = Release|Any CPU
		{F9C7DDD4-E66F-4197-96FE-C64BDBE8C466}.Release|Any CPU.Build.0 = Release|Any CPU
		{DB891DE2-105B-48D0-9A39-3BEDF12B7B1B}.Debug|Any CPU.ActiveCfg = Debug|Any CPU
		{DB891DE2-105B-48D0-9A39-3BEDF12B7B1B}.Debug|Any CPU.Build.0 = Debug|Any CPU
		{DB891DE2-105B-48D0-9A39-3BEDF12B7B1B}.Release|Any CPU.ActiveCfg = Release|Any CPU
		{DB891DE2-105B-48D0-9A39-3BEDF12B7B1B}.Release|Any CPU.Build.0 = Release|Any CPU
	EndGlobalSection
EndGlobal
