
Microsoft Visual Studio Solution File, Format Version 12.00
# Visual Studio Version 16
VisualStudioVersion = 16.0.30114.105
MinimumVisualStudioVersion = 10.0.40219.1
Project("{FAE04EC0-301F-11D3-BF4B-00C04F79EFBC}") = "SwarmPortal.Common", "SwarmPortal.Common\SwarmPortal.Common.csproj", "{739C7C40-19C9-49FE-9370-811CDAEDD32D}"
EndProject
Project("{FAE04EC0-301F-11D3-BF4B-00C04F79EFBC}") = "SwarmPortal.Source.Static", "SwarmPortal.Source.Static\SwarmPortal.Source.Static.csproj", "{4BCAE0FF-3D12-470A-AA39-2AD7C6998FF9}"
EndProject
Project("{FAE04EC0-301F-11D3-BF4B-00C04F79EFBC}") = "SwarmPortal.API", "SwarmPortal.API\SwarmPortal.API.csproj", "{DB8471E9-5456-4626-87B2-A20B3F37336F}"
EndProject
Project("{FAE04EC0-301F-11D3-BF4B-00C04F79EFBC}") = "SwarmPortal.Source.Docker", "SwarmPortal.Source.Docker\SwarmPortal.Source.Docker.csproj", "{EA6FB5D1-DF58-47C2-A094-5DBCCD6366E9}"
EndProject
Global
	GlobalSection(SolutionConfigurationPlatforms) = preSolution
		Debug|Any CPU = Debug|Any CPU
		Release|Any CPU = Release|Any CPU
	EndGlobalSection
	GlobalSection(SolutionProperties) = preSolution
		HideSolutionNode = FALSE
	EndGlobalSection
	GlobalSection(ProjectConfigurationPlatforms) = postSolution
		{739C7C40-19C9-49FE-9370-811CDAEDD32D}.Debug|Any CPU.ActiveCfg = Debug|Any CPU
		{739C7C40-19C9-49FE-9370-811CDAEDD32D}.Debug|Any CPU.Build.0 = Debug|Any CPU
		{739C7C40-19C9-49FE-9370-811CDAEDD32D}.Release|Any CPU.ActiveCfg = Release|Any CPU
		{739C7C40-19C9-49FE-9370-811CDAEDD32D}.Release|Any CPU.Build.0 = Release|Any CPU
		{4BCAE0FF-3D12-470A-AA39-2AD7C6998FF9}.Debug|Any CPU.ActiveCfg = Debug|Any CPU
		{4BCAE0FF-3D12-470A-AA39-2AD7C6998FF9}.Debug|Any CPU.Build.0 = Debug|Any CPU
		{4BCAE0FF-3D12-470A-AA39-2AD7C6998FF9}.Release|Any CPU.ActiveCfg = Release|Any CPU
		{4BCAE0FF-3D12-470A-AA39-2AD7C6998FF9}.Release|Any CPU.Build.0 = Release|Any CPU
		{DB8471E9-5456-4626-87B2-A20B3F37336F}.Debug|Any CPU.ActiveCfg = Debug|Any CPU
		{DB8471E9-5456-4626-87B2-A20B3F37336F}.Debug|Any CPU.Build.0 = Debug|Any CPU
		{DB8471E9-5456-4626-87B2-A20B3F37336F}.Release|Any CPU.ActiveCfg = Release|Any CPU
		{DB8471E9-5456-4626-87B2-A20B3F37336F}.Release|Any CPU.Build.0 = Release|Any CPU
		{EA6FB5D1-DF58-47C2-A094-5DBCCD6366E9}.Debug|Any CPU.ActiveCfg = Debug|Any CPU
		{EA6FB5D1-DF58-47C2-A094-5DBCCD6366E9}.Debug|Any CPU.Build.0 = Debug|Any CPU
		{EA6FB5D1-DF58-47C2-A094-5DBCCD6366E9}.Release|Any CPU.ActiveCfg = Release|Any CPU
		{EA6FB5D1-DF58-47C2-A094-5DBCCD6366E9}.Release|Any CPU.Build.0 = Release|Any CPU
	EndGlobalSection
EndGlobal
